
Microsoft Visual Studio Solution File, Format Version 12.00
# Visual Studio Version 17
VisualStudioVersion = 17.7.34031.279
MinimumVisualStudioVersion = 10.0.40219.1
Project("{9A19103F-16F7-4668-BE54-9A1E7A4F7556}") = "Bulkyweb", "Bulkyweb\Bulkyweb.csproj", "{230124F8-2C21-4C77-9B28-1EFC06F4BE37}"
EndProject
Project("{FAE04EC0-301F-11D3-BF4B-00C04F79EFBC}") = "Bulky.DataAccess", "Bulky.DataAccess\Bulky.DataAccess.csproj", "{5134E844-2552-45A4-B620-B79921E3C0D9}"
EndProject
Project("{FAE04EC0-301F-11D3-BF4B-00C04F79EFBC}") = "Bulky.Models", "Bulky.Models\Bulky.Models.csproj", "{4370FEB3-3569-4FE8-967D-B6B1B2A7F28A}"
EndProject
Project("{FAE04EC0-301F-11D3-BF4B-00C04F79EFBC}") = "Bulky.Utility", "Bulky.Utility\Bulky.Utility.csproj", "{8C1B91B0-5ADB-4A11-8EC3-6FAE0E5FA8AE}"
EndProject
Global
	GlobalSection(SolutionConfigurationPlatforms) = preSolution
		Debug|Any CPU = Debug|Any CPU
		Release|Any CPU = Release|Any CPU
	EndGlobalSection
	GlobalSection(ProjectConfigurationPlatforms) = postSolution
		{230124F8-2C21-4C77-9B28-1EFC06F4BE37}.Debug|Any CPU.ActiveCfg = Debug|Any CPU
		{230124F8-2C21-4C77-9B28-1EFC06F4BE37}.Debug|Any CPU.Build.0 = Debug|Any CPU
		{230124F8-2C21-4C77-9B28-1EFC06F4BE37}.Release|Any CPU.ActiveCfg = Release|Any CPU
		{230124F8-2C21-4C77-9B28-1EFC06F4BE37}.Release|Any CPU.Build.0 = Release|Any CPU
		{5134E844-2552-45A4-B620-B79921E3C0D9}.Debug|Any CPU.ActiveCfg = Debug|Any CPU
		{5134E844-2552-45A4-B620-B79921E3C0D9}.Debug|Any CPU.Build.0 = Debug|Any CPU
		{5134E844-2552-45A4-B620-B79921E3C0D9}.Release|Any CPU.ActiveCfg = Release|Any CPU
		{5134E844-2552-45A4-B620-B79921E3C0D9}.Release|Any CPU.Build.0 = Release|Any CPU
		{4370FEB3-3569-4FE8-967D-B6B1B2A7F28A}.Debug|Any CPU.ActiveCfg = Debug|Any CPU
		{4370FEB3-3569-4FE8-967D-B6B1B2A7F28A}.Debug|Any CPU.Build.0 = Debug|Any CPU
		{4370FEB3-3569-4FE8-967D-B6B1B2A7F28A}.Release|Any CPU.ActiveCfg = Release|Any CPU
		{4370FEB3-3569-4FE8-967D-B6B1B2A7F28A}.Release|Any CPU.Build.0 = Release|Any CPU
		{8C1B91B0-5ADB-4A11-8EC3-6FAE0E5FA8AE}.Debug|Any CPU.ActiveCfg = Debug|Any CPU
		{8C1B91B0-5ADB-4A11-8EC3-6FAE0E5FA8AE}.Debug|Any CPU.Build.0 = Debug|Any CPU
		{8C1B91B0-5ADB-4A11-8EC3-6FAE0E5FA8AE}.Release|Any CPU.ActiveCfg = Release|Any CPU
		{8C1B91B0-5ADB-4A11-8EC3-6FAE0E5FA8AE}.Release|Any CPU.Build.0 = Release|Any CPU
	EndGlobalSection
	GlobalSection(SolutionProperties) = preSolution
		HideSolutionNode = FALSE
	EndGlobalSection
	GlobalSection(ExtensibilityGlobals) = postSolution
		SolutionGuid = {EA449438-15ED-4785-8CC1-52B22A6F12E3}
	EndGlobalSection
EndGlobal
